// !$*UTF8*$!
{
	archiveVersion = 1;
	classes = {
	};
	objectVersion = 46;
	objects = {

/* Begin PBXBuildFile section */
		E29EA2601B374B2000EE4B2B /* RNBridgeableWebView.m in Sources */ = {isa = PBXBuildFile; fileRef = E29EA25D1B374B2000EE4B2B /* RNBridgeableWebView.m */; };
		E29EA2611B374B2000EE4B2B /* RNBridgeableWebViewManager.m in Sources */ = {isa = PBXBuildFile; fileRef = E29EA25F1B374B2000EE4B2B /* RNBridgeableWebViewManager.m */; };
/* End PBXBuildFile section */

/* Begin PBXCopyFilesBuildPhase section */
		E29EA2341B33517A00EE4B2B /* CopyFiles */ = {
			isa = PBXCopyFilesBuildPhase;
			buildActionMask = 2147483647;
			dstPath = "include/$(PRODUCT_NAME)";
			dstSubfolderSpec = 16;
			files = (
			);
			runOnlyForDeploymentPostprocessing = 0;
		};
/* End PBXCopyFilesBuildPhase section */

/* Begin PBXFileReference section */
		E29EA2361B33517A00EE4B2B /* libRNBridgeableWebview.a */ = {isa = PBXFileReference; explicitFileType = archive.ar; includeInIndex = 0; path = libRNBridgeableWebview.a; sourceTree = BUILT_PRODUCTS_DIR; };
		E29EA25C1B374B2000EE4B2B /* RNBridgeableWebView.h */ = {isa = PBXFileReference; fileEncoding = 4; lastKnownFileType = sourcecode.c.h; path = RNBridgeableWebView.h; sourceTree = "<group>"; };
		E29EA25D1B374B2000EE4B2B /* RNBridgeableWebView.m */ = {isa = PBXFileReference; fileEncoding = 4; lastKnownFileType = sourcecode.c.objc; path = RNBridgeableWebView.m; sourceTree = "<group>"; };
		E29EA25E1B374B2000EE4B2B /* RNBridgeableWebViewManager.h */ = {isa = PBXFileReference; fileEncoding = 4; lastKnownFileType = sourcecode.c.h; path = RNBridgeableWebViewManager.h; sourceTree = "<group>"; };
		E29EA25F1B374B2000EE4B2B /* RNBridgeableWebViewManager.m */ = {isa = PBXFileReference; fileEncoding = 4; lastKnownFileType = sourcecode.c.objc; path = RNBridgeableWebViewManager.m; sourceTree = "<group>"; };
/* End PBXFileReference section */

/* Begin PBXFrameworksBuildPhase section */
		E29EA2331B33517A00EE4B2B /* Frameworks */ = {
			isa = PBXFrameworksBuildPhase;
			buildActionMask = 2147483647;
			files = (
			);
			runOnlyForDeploymentPostprocessing = 0;
		};
/* End PBXFrameworksBuildPhase section */

/* Begin PBXGroup section */
		E29EA22D1B33517A00EE4B2B = {
			isa = PBXGroup;
			children = (
				E29EA25C1B374B2000EE4B2B /* RNBridgeableWebView.h */,
				E29EA25D1B374B2000EE4B2B /* RNBridgeableWebView.m */,
				E29EA25E1B374B2000EE4B2B /* RNBridgeableWebViewManager.h */,
				E29EA25F1B374B2000EE4B2B /* RNBridgeableWebViewManager.m */,
				E29EA2371B33517A00EE4B2B /* Products */,
			);
			sourceTree = "<group>";
		};
		E29EA2371B33517A00EE4B2B /* Products */ = {
			isa = PBXGroup;
			children = (
				E29EA2361B33517A00EE4B2B /* libRNBridgeableWebview.a */,
			);
			name = Products;
			sourceTree = "<group>";
		};
/* End PBXGroup section */

/* Begin PBXNativeTarget section */
		E29EA2351B33517A00EE4B2B /* RNBridgeableWebview */ = {
			isa = PBXNativeTarget;
			buildConfigurationList = E29EA24A1B33517A00EE4B2B /* Build configuration list for PBXNativeTarget "RNBridgeableWebview" */;
			buildPhases = (
				E29EA2321B33517A00EE4B2B /* Sources */,
				E29EA2331B33517A00EE4B2B /* Frameworks */,
				E29EA2341B33517A00EE4B2B /* CopyFiles */,
			);
			buildRules = (
			);
			dependencies = (
			);
			name = RNBridgeableWebview;
			productName = RNBridgeableWebview;
			productReference = E29EA2361B33517A00EE4B2B /* libRNBridgeableWebview.a */;
			productType = "com.apple.product-type.library.static";
		};
/* End PBXNativeTarget section */

/* Begin PBXProject section */
		E29EA22E1B33517A00EE4B2B /* Project object */ = {
			isa = PBXProject;
			attributes = {
				LastUpgradeCheck = 0630;
				ORGANIZATIONNAME = "Tom Hastjarjanto";
				TargetAttributes = {
					E29EA2351B33517A00EE4B2B = {
						CreatedOnToolsVersion = 6.3.2;
					};
				};
			};
			buildConfigurationList = E29EA2311B33517A00EE4B2B /* Build configuration list for PBXProject "RNBridgeableWebview" */;
			compatibilityVersion = "Xcode 3.2";
			developmentRegion = English;
			hasScannedForEncodings = 0;
			knownRegions = (
				en,
			);
			mainGroup = E29EA22D1B33517A00EE4B2B;
			productRefGroup = E29EA2371B33517A00EE4B2B /* Products */;
			projectDirPath = "";
			projectRoot = "";
			targets = (
				E29EA2351B33517A00EE4B2B /* RNBridgeableWebview */,
			);
		};
/* End PBXProject section */

/* Begin PBXSourcesBuildPhase section */
		E29EA2321B33517A00EE4B2B /* Sources */ = {
			isa = PBXSourcesBuildPhase;
			buildActionMask = 2147483647;
			files = (
				E29EA2601B374B2000EE4B2B /* RNBridgeableWebView.m in Sources */,
				E29EA2611B374B2000EE4B2B /* RNBridgeableWebViewManager.m in Sources */,
			);
			runOnlyForDeploymentPostprocessing = 0;
		};
/* End PBXSourcesBuildPhase section */

/* Begin XCBuildConfiguration section */
		E29EA2481B33517A00EE4B2B /* Debug */ = {
			isa = XCBuildConfiguration;
			buildSettings = {
				ALWAYS_SEARCH_USER_PATHS = NO;
				CLANG_CXX_LANGUAGE_STANDARD = "gnu++0x";
				CLANG_CXX_LIBRARY = "libc++";
				CLANG_ENABLE_MODULES = YES;
				CLANG_ENABLE_OBJC_ARC = YES;
				CLANG_WARN_BOOL_CONVERSION = YES;
				CLANG_WARN_CONSTANT_CONVERSION = YES;
				CLANG_WARN_DIRECT_OBJC_ISA_USAGE = YES_ERROR;
				CLANG_WARN_EMPTY_BODY = YES;
				CLANG_WARN_ENUM_CONVERSION = YES;
				CLANG_WARN_INT_CONVERSION = YES;
				CLANG_WARN_OBJC_ROOT_CLASS = YES_ERROR;
				CLANG_WARN_UNREACHABLE_CODE = YES;
				CLANG_WARN__DUPLICATE_METHOD_MATCH = YES;
				COPY_PHASE_STRIP = NO;
				DEBUG_INFORMATION_FORMAT = "dwarf-with-dsym";
				ENABLE_STRICT_OBJC_MSGSEND = YES;
				GCC_C_LANGUAGE_STANDARD = gnu99;
				GCC_DYNAMIC_NO_PIC = NO;
				GCC_NO_COMMON_BLOCKS = YES;
				GCC_OPTIMIZATION_LEVEL = 0;
				GCC_PREPROCESSOR_DEFINITIONS = (
					"DEBUG=1",
					"$(inherited)",
				);
				GCC_SYMBOLS_PRIVATE_EXTERN = NO;
				GCC_WARN_64_TO_32_BIT_CONVERSION = YES;
				GCC_WARN_ABOUT_RETURN_TYPE = YES_ERROR;
				GCC_WARN_UNDECLARED_SELECTOR = YES;
				GCC_WARN_UNINITIALIZED_AUTOS = YES_AGGRESSIVE;
				GCC_WARN_UNUSED_FUNCTION = YES;
				GCC_WARN_UNUSED_VARIABLE = YES;
				HEADER_SEARCH_PATHS = (
					"$(inherited)",
					/Applications/Xcode.app/Contents/Developer/Toolchains/XcodeDefault.xctoolchain/usr/include,
					"$(SRCROOT)/../react-native/React/**",
					"$(SRCROOT)/node_modules/react-native/React/**",
				);
				IPHONEOS_DEPLOYMENT_TARGET = 8.3;
				MTL_ENABLE_DEBUG_INFO = YES;
				ONLY_ACTIVE_ARCH = YES;
				SDKROOT = iphoneos;
			};
			name = Debug;
		};
		E29EA2491B33517A00EE4B2B /* Release */ = {
			isa = XCBuildConfiguration;
			buildSettings = {
				ALWAYS_SEARCH_USER_PATHS = NO;
				CLANG_CXX_LANGUAGE_STANDARD = "gnu++0x";
				CLANG_CXX_LIBRARY = "libc++";
				CLANG_ENABLE_MODULES = YES;
				CLANG_ENABLE_OBJC_ARC = YES;
				CLANG_WARN_BOOL_CONVERSION = YES;
				CLANG_WARN_CONSTANT_CONVERSION = YES;
				CLANG_WARN_DIRECT_OBJC_ISA_USAGE = YES_ERROR;
				CLANG_WARN_EMPTY_BODY = YES;
				CLANG_WARN_ENUM_CONVERSION = YES;
				CLANG_WARN_INT_CONVERSION = YES;
				CLANG_WARN_OBJC_ROOT_CLASS = YES_ERROR;
				CLANG_WARN_UNREACHABLE_CODE = YES;
				CLANG_WARN__DUPLICATE_METHOD_MATCH = YES;
				COPY_PHASE_STRIP = NO;
				DEBUG_INFORMATION_FORMAT = "dwarf-with-dsym";
				ENABLE_NS_ASSERTIONS = NO;
				ENABLE_STRICT_OBJC_MSGSEND = YES;
				GCC_C_LANGUAGE_STANDARD = gnu99;
				GCC_NO_COMMON_BLOCKS = YES;
				GCC_WARN_64_TO_32_BIT_CONVERSION = YES;
				GCC_WARN_ABOUT_RETURN_TYPE = YES_ERROR;
				GCC_WARN_UNDECLARED_SELECTOR = YES;
				GCC_WARN_UNINITIALIZED_AUTOS = YES_AGGRESSIVE;
				GCC_WARN_UNUSED_FUNCTION = YES;
				GCC_WARN_UNUSED_VARIABLE = YES;
				HEADER_SEARCH_PATHS = (
					"$(inherited)",
					/Applications/Xcode.app/Contents/Developer/Toolchains/XcodeDefault.xctoolchain/usr/include,
					"$(SRCROOT)/../react-native/React/**",
					"$(SRCROOT)/node_modules/react-native/React/**",
				);
				IPHONEOS_DEPLOYMENT_TARGET = 8.3;
				MTL_ENABLE_DEBUG_INFO = NO;
				SDKROOT = iphoneos;
				VALIDATE_PRODUCT = YES;
			};
			name = Release;
		};
		E29EA24B1B33517A00EE4B2B /* Debug */ = {
			isa = XCBuildConfiguration;
			buildSettings = {
				OTHER_LDFLAGS = "-ObjC";
				PRODUCT_NAME = "$(TARGET_NAME)";
				SKIP_INSTALL = YES;
			};
			name = Debug;
		};
		E29EA24C1B33517A00EE4B2B /* Release */ = {
			isa = XCBuildConfiguration;
			buildSettings = {
				OTHER_LDFLAGS = "-ObjC";
				PRODUCT_NAME = "$(TARGET_NAME)";
				SKIP_INSTALL = YES;
			};
			name = Release;
		};
/* End XCBuildConfiguration section */

/* Begin XCConfigurationList section */
		E29EA2311B33517A00EE4B2B /* Build configuration list for PBXProject "RNBridgeableWebview" */ = {
			isa = XCConfigurationList;
			buildConfigurations = (
				E29EA2481B33517A00EE4B2B /* Debug */,
				E29EA2491B33517A00EE4B2B /* Release */,
			);
			defaultConfigurationIsVisible = 0;
			defaultConfigurationName = Release;
		};
		E29EA24A1B33517A00EE4B2B /* Build configuration list for PBXNativeTarget "RNBridgeableWebview" */ = {
			isa = XCConfigurationList;
			buildConfigurations = (
				E29EA24B1B33517A00EE4B2B /* Debug */,
				E29EA24C1B33517A00EE4B2B /* Release */,
			);
			defaultConfigurationIsVisible = 0;
			defaultConfigurationName = Release;
		};
/* End XCConfigurationList section */
	};
	rootObject = E29EA22E1B33517A00EE4B2B /* Project object */;
}
